
Microsoft Visual Studio Solution File, Format Version 12.00
# Visual Studio 2012
Project("{8BC9CEB8-8B4A-11D0-8D11-00A0C91BC942}") = "MTC_test", "MTC_test.vcxproj", "{59C2A674-150A-4591-B5F3-24998A4B1C50}"
EndProject
Global
	GlobalSection(SolutionConfigurationPlatforms) = preSolution
		Debug|Win32 = Debug|Win32
		Release|Win32 = Release|Win32
	EndGlobalSection
	GlobalSection(ProjectConfigurationPlatforms) = postSolution
		{59C2A674-150A-4591-B5F3-24998A4B1C50}.Debug|Win32.ActiveCfg = Debug|Win32
		{59C2A674-150A-4591-B5F3-24998A4B1C50}.Debug|Win32.Build.0 = Debug|Win32
		{59C2A674-150A-4591-B5F3-24998A4B1C50}.Release|Win32.ActiveCfg = Release|Win32
		{59C2A674-150A-4591-B5F3-24998A4B1C50}.Release|Win32.Build.0 = Release|Win32
	EndGlobalSection
	GlobalSection(SolutionProperties) = preSolution
		HideSolutionNode = FALSE
	EndGlobalSection
EndGlobal
